{
  "name": "zap-history-fetcher",
  "version": "1.0.0",
  "lockfileVersion": 3,
  "requires": true,
  "packages": {
    "": {
      "name": "zap-history-fetcher",
      "version": "1.0.0",
      "license": "MIT",
      "bin": {
        "zap-history-fetcher": "index.js"
      },
      "engines": {
        "node": ">=18"
      }
    }
  }
}
